
Microsoft Visual Studio Solution File, Format Version 12.00
# Visual Studio Version 17
VisualStudioVersion = 17.8.34511.84
MinimumVisualStudioVersion = 10.0.40219.1
Project("{9A19103F-16F7-4668-BE54-9A1E7A4F7556}") = "PhotoSlide", "PhotoSlide\PhotoSlide.csproj", "{0CEEED12-147A-4808-AE06-B43F8664FB06}"
EndProject
Project("{FAE04EC0-301F-11D3-BF4B-00C04F79EFBC}") = "PhotoSlideMaker", "PhotoSlideMaker\PhotoSlideMaker.csproj", "{A06FB663-6058-4901-8DD7-B02E664BAA98}"
EndProject
Global
	GlobalSection(SolutionConfigurationPlatforms) = preSolution
		Debug|Any CPU = Debug|Any CPU
		Release|Any CPU = Release|Any CPU
	EndGlobalSection
	GlobalSection(ProjectConfigurationPlatforms) = postSolution
		{0CEEED12-147A-4808-AE06-B43F8664FB06}.Debug|Any CPU.ActiveCfg = Debug|Any CPU
		{0CEEED12-147A-4808-AE06-B43F8664FB06}.Debug|Any CPU.Build.0 = Debug|Any CPU
		{0CEEED12-147A-4808-AE06-B43F8664FB06}.Release|Any CPU.ActiveCfg = Release|Any CPU
		{0CEEED12-147A-4808-AE06-B43F8664FB06}.Release|Any CPU.Build.0 = Release|Any CPU
		{A06FB663-6058-4901-8DD7-B02E664BAA98}.Debug|Any CPU.ActiveCfg = Debug|Any CPU
		{A06FB663-6058-4901-8DD7-B02E664BAA98}.Debug|Any CPU.Build.0 = Debug|Any CPU
		{A06FB663-6058-4901-8DD7-B02E664BAA98}.Release|Any CPU.ActiveCfg = Release|Any CPU
		{A06FB663-6058-4901-8DD7-B02E664BAA98}.Release|Any CPU.Build.0 = Release|Any CPU
	EndGlobalSection
	GlobalSection(SolutionProperties) = preSolution
		HideSolutionNode = FALSE
	EndGlobalSection
	GlobalSection(ExtensibilityGlobals) = postSolution
		SolutionGuid = {052BF454-23C4-4D95-A306-B6A2D1CDC280}
	EndGlobalSection
EndGlobal
